// !$*UTF8*$!
{
	archiveVersion = 1;
	classes = {
	};
	objectVersion = 55;
	objects = {

/* Begin PBXBuildFile section */
		114A0374280DFE1B004B41F5 /* RepositoryModel.swift in Sources */ = {isa = PBXBuildFile; fileRef = 114A0373280DFE1B004B41F5 /* RepositoryModel.swift */; };
		11B6E0682809769300527147 /* Git_SearcherApp.swift in Sources */ = {isa = PBXBuildFile; fileRef = 11B6E0672809769300527147 /* Git_SearcherApp.swift */; };
		11B6E06A2809769300527147 /* SearchView.swift in Sources */ = {isa = PBXBuildFile; fileRef = 11B6E0692809769300527147 /* SearchView.swift */; };
		11B6E06C2809769400527147 /* Assets.xcassets in Resources */ = {isa = PBXBuildFile; fileRef = 11B6E06B2809769400527147 /* Assets.xcassets */; };
		11B6E06F2809769400527147 /* Preview Assets.xcassets in Resources */ = {isa = PBXBuildFile; fileRef = 11B6E06E2809769400527147 /* Preview Assets.xcassets */; };
		11B6E077280978EB00527147 /* ComposableArchitecture in Frameworks */ = {isa = PBXBuildFile; productRef = 11B6E076280978EB00527147 /* ComposableArchitecture */; };
		11B6E07E280997DE00527147 /* SearchBarView.swift in Sources */ = {isa = PBXBuildFile; fileRef = 11B6E07D280997DE00527147 /* SearchBarView.swift */; };
		11B6E08128099CC900527147 /* UIAplication.swift in Sources */ = {isa = PBXBuildFile; fileRef = 11B6E08028099CC900527147 /* UIAplication.swift */; };
		11BDCD1528116669002682BA /* RepositoryDetailView.swift in Sources */ = {isa = PBXBuildFile; fileRef = 11BDCD1428116669002682BA /* RepositoryDetailView.swift */; };
		11BE5B8B2811B09400A34757 /* RepositoryDetailsAction.swift in Sources */ = {isa = PBXBuildFile; fileRef = 11BE5B862811B09400A34757 /* RepositoryDetailsAction.swift */; };
		11BE5B8C2811B09400A34757 /* RepositoryDetailsView.swift in Sources */ = {isa = PBXBuildFile; fileRef = 11BE5B872811B09400A34757 /* RepositoryDetailsView.swift */; };
		11BE5B8D2811B09400A34757 /* RepositoryDetailsEnvironment.swift in Sources */ = {isa = PBXBuildFile; fileRef = 11BE5B882811B09400A34757 /* RepositoryDetailsEnvironment.swift */; };
		11BE5B8E2811B09400A34757 /* RepositoryDetailsReducer.swift in Sources */ = {isa = PBXBuildFile; fileRef = 11BE5B892811B09400A34757 /* RepositoryDetailsReducer.swift */; };
		11BE5B8F2811B09400A34757 /* RepositoryDetailsState.swift in Sources */ = {isa = PBXBuildFile; fileRef = 11BE5B8A2811B09400A34757 /* RepositoryDetailsState.swift */; };
		11DE3CA2280EA34300BDBF78 /* RepositoryEffect.swift in Sources */ = {isa = PBXBuildFile; fileRef = 11DE3CA1280EA34300BDBF78 /* RepositoryEffect.swift */; };
		11DE3CA4280ECC7800BDBF78 /* RepositoryItemView.swift in Sources */ = {isa = PBXBuildFile; fileRef = 11DE3CA3280ECC7800BDBF78 /* RepositoryItemView.swift */; };
/* End PBXBuildFile section */

/* Begin PBXFileReference section */
		114A0373280DFE1B004B41F5 /* RepositoryModel.swift */ = {isa = PBXFileReference; lastKnownFileType = sourcecode.swift; path = RepositoryModel.swift; sourceTree = "<group>"; };
		11B6E0642809769300527147 /* Git Searcher.app */ = {isa = PBXFileReference; explicitFileType = wrapper.application; includeInIndex = 0; path = "Git Searcher.app"; sourceTree = BUILT_PRODUCTS_DIR; };
		11B6E0672809769300527147 /* Git_SearcherApp.swift */ = {isa = PBXFileReference; lastKnownFileType = sourcecode.swift; path = Git_SearcherApp.swift; sourceTree = "<group>"; };
		11B6E0692809769300527147 /* SearchView.swift */ = {isa = PBXFileReference; lastKnownFileType = sourcecode.swift; path = SearchView.swift; sourceTree = "<group>"; };
		11B6E06B2809769400527147 /* Assets.xcassets */ = {isa = PBXFileReference; lastKnownFileType = folder.assetcatalog; path = Assets.xcassets; sourceTree = "<group>"; };
		11B6E06E2809769400527147 /* Preview Assets.xcassets */ = {isa = PBXFileReference; lastKnownFileType = folder.assetcatalog; path = "Preview Assets.xcassets"; sourceTree = "<group>"; };
		11B6E07D280997DE00527147 /* SearchBarView.swift */ = {isa = PBXFileReference; lastKnownFileType = sourcecode.swift; path = SearchBarView.swift; sourceTree = "<group>"; };
		11B6E08028099CC900527147 /* UIAplication.swift */ = {isa = PBXFileReference; lastKnownFileType = sourcecode.swift; path = UIAplication.swift; sourceTree = "<group>"; };
		11BDCD1428116669002682BA /* RepositoryDetailView.swift */ = {isa = PBXFileReference; lastKnownFileType = sourcecode.swift; path = RepositoryDetailView.swift; sourceTree = "<group>"; };
		11BE5B862811B09400A34757 /* RepositoryDetailsAction.swift */ = {isa = PBXFileReference; lastKnownFileType = sourcecode.swift; path = RepositoryDetailsAction.swift; sourceTree = "<group>"; };
		11BE5B872811B09400A34757 /* RepositoryDetailsView.swift */ = {isa = PBXFileReference; lastKnownFileType = sourcecode.swift; path = RepositoryDetailsView.swift; sourceTree = "<group>"; };
		11BE5B882811B09400A34757 /* RepositoryDetailsEnvironment.swift */ = {isa = PBXFileReference; lastKnownFileType = sourcecode.swift; path = RepositoryDetailsEnvironment.swift; sourceTree = "<group>"; };
		11BE5B892811B09400A34757 /* RepositoryDetailsReducer.swift */ = {isa = PBXFileReference; lastKnownFileType = sourcecode.swift; path = RepositoryDetailsReducer.swift; sourceTree = "<group>"; };
		11BE5B8A2811B09400A34757 /* RepositoryDetailsState.swift */ = {isa = PBXFileReference; lastKnownFileType = sourcecode.swift; path = RepositoryDetailsState.swift; sourceTree = "<group>"; };
		11DE3CA1280EA34300BDBF78 /* RepositoryEffect.swift */ = {isa = PBXFileReference; lastKnownFileType = sourcecode.swift; path = RepositoryEffect.swift; sourceTree = "<group>"; };
		11DE3CA3280ECC7800BDBF78 /* RepositoryItemView.swift */ = {isa = PBXFileReference; lastKnownFileType = sourcecode.swift; path = RepositoryItemView.swift; sourceTree = "<group>"; };
/* End PBXFileReference section */

/* Begin PBXFrameworksBuildPhase section */
		11B6E0612809769300527147 /* Frameworks */ = {
			isa = PBXFrameworksBuildPhase;
			buildActionMask = 2147483647;
			files = (
				11B6E077280978EB00527147 /* ComposableArchitecture in Frameworks */,
			);
			runOnlyForDeploymentPostprocessing = 0;
		};
/* End PBXFrameworksBuildPhase section */

/* Begin PBXGroup section */
		1190C63A2811AE2800461455 /* Repository Details Module */ = {
			isa = PBXGroup;
			children = (
				11BE5B862811B09400A34757 /* RepositoryDetailsAction.swift */,
				11BE5B872811B09400A34757 /* RepositoryDetailsView.swift */,
				11BE5B882811B09400A34757 /* RepositoryDetailsEnvironment.swift */,
				11BE5B892811B09400A34757 /* RepositoryDetailsReducer.swift */,
				11BE5B8A2811B09400A34757 /* RepositoryDetailsState.swift */,
			);
			path = "Repository Details Module";
			sourceTree = "<group>";
		};
		11B6E05B2809769300527147 = {
			isa = PBXGroup;
			children = (
				11B6E0662809769300527147 /* Git Searcher */,
				11B6E0652809769300527147 /* Products */,
			);
			sourceTree = "<group>";
		};
		11B6E0652809769300527147 /* Products */ = {
			isa = PBXGroup;
			children = (
				11B6E0642809769300527147 /* Git Searcher.app */,
			);
			name = Products;
			sourceTree = "<group>";
		};
		11B6E0662809769300527147 /* Git Searcher */ = {
			isa = PBXGroup;
			children = (
				11B6E07F28099CA000527147 /* Extensions */,
				1190C63A2811AE2800461455 /* Repository Details Module */,
				11B6E0672809769300527147 /* Git_SearcherApp.swift */,
				11B6E0692809769300527147 /* SearchView.swift */,
				11B6E07D280997DE00527147 /* SearchBarView.swift */,
				11DE3CA3280ECC7800BDBF78 /* RepositoryItemView.swift */,
				114A0373280DFE1B004B41F5 /* RepositoryModel.swift */,
				11DE3CA1280EA34300BDBF78 /* RepositoryEffect.swift */,
				11BDCD1428116669002682BA /* RepositoryDetailView.swift */,
				11B6E06B2809769400527147 /* Assets.xcassets */,
				11B6E06D2809769400527147 /* Preview Content */,
			);
			path = "Git Searcher";
			sourceTree = "<group>";
		};
		11B6E06D2809769400527147 /* Preview Content */ = {
			isa = PBXGroup;
			children = (
				11B6E06E2809769400527147 /* Preview Assets.xcassets */,
			);
			path = "Preview Content";
			sourceTree = "<group>";
		};
		11B6E07F28099CA000527147 /* Extensions */ = {
			isa = PBXGroup;
			children = (
				11B6E08028099CC900527147 /* UIAplication.swift */,
			);
			path = Extensions;
			sourceTree = "<group>";
		};
/* End PBXGroup section */

/* Begin PBXNativeTarget section */
		11B6E0632809769300527147 /* Git Searcher */ = {
			isa = PBXNativeTarget;
			buildConfigurationList = 11B6E0722809769400527147 /* Build configuration list for PBXNativeTarget "Git Searcher" */;
			buildPhases = (
				11B6E0602809769300527147 /* Sources */,
				11B6E0612809769300527147 /* Frameworks */,
				11B6E0622809769300527147 /* Resources */,
			);
			buildRules = (
			);
			dependencies = (
			);
			name = "Git Searcher";
			packageProductDependencies = (
				11B6E076280978EB00527147 /* ComposableArchitecture */,
			);
			productName = "Git Searcher";
			productReference = 11B6E0642809769300527147 /* Git Searcher.app */;
			productType = "com.apple.product-type.application";
		};
/* End PBXNativeTarget section */

/* Begin PBXProject section */
		11B6E05C2809769300527147 /* Project object */ = {
			isa = PBXProject;
			attributes = {
				BuildIndependentTargetsInParallel = 1;
				LastSwiftUpdateCheck = 1330;
				LastUpgradeCheck = 1330;
				TargetAttributes = {
					11B6E0632809769300527147 = {
						CreatedOnToolsVersion = 13.3.1;
					};
				};
			};
			buildConfigurationList = 11B6E05F2809769300527147 /* Build configuration list for PBXProject "Git Searcher" */;
			compatibilityVersion = "Xcode 13.0";
			developmentRegion = en;
			hasScannedForEncodings = 0;
			knownRegions = (
				en,
				Base,
			);
			mainGroup = 11B6E05B2809769300527147;
			packageReferences = (
				11B6E075280978EB00527147 /* XCRemoteSwiftPackageReference "swift-composable-architecture" */,
			);
			productRefGroup = 11B6E0652809769300527147 /* Products */;
			projectDirPath = "";
			projectRoot = "";
			targets = (
				11B6E0632809769300527147 /* Git Searcher */,
			);
		};
/* End PBXProject section */

/* Begin PBXResourcesBuildPhase section */
		11B6E0622809769300527147 /* Resources */ = {
			isa = PBXResourcesBuildPhase;
			buildActionMask = 2147483647;
			files = (
				11B6E06F2809769400527147 /* Preview Assets.xcassets in Resources */,
				11B6E06C2809769400527147 /* Assets.xcassets in Resources */,
			);
			runOnlyForDeploymentPostprocessing = 0;
		};
/* End PBXResourcesBuildPhase section */

/* Begin PBXSourcesBuildPhase section */
		11B6E0602809769300527147 /* Sources */ = {
			isa = PBXSourcesBuildPhase;
			buildActionMask = 2147483647;
			files = (
				11B6E07E280997DE00527147 /* SearchBarView.swift in Sources */,
				114A0374280DFE1B004B41F5 /* RepositoryModel.swift in Sources */,
				11DE3CA4280ECC7800BDBF78 /* RepositoryItemView.swift in Sources */,
				11BE5B8D2811B09400A34757 /* RepositoryDetailsEnvironment.swift in Sources */,
				11BE5B8C2811B09400A34757 /* RepositoryDetailsView.swift in Sources */,
				11BE5B8F2811B09400A34757 /* RepositoryDetailsState.swift in Sources */,
				11BE5B8E2811B09400A34757 /* RepositoryDetailsReducer.swift in Sources */,
				11BDCD1528116669002682BA /* RepositoryDetailView.swift in Sources */,
				11B6E08128099CC900527147 /* UIAplication.swift in Sources */,
				11BE5B8B2811B09400A34757 /* RepositoryDetailsAction.swift in Sources */,
				11B6E06A2809769300527147 /* SearchView.swift in Sources */,
				11DE3CA2280EA34300BDBF78 /* RepositoryEffect.swift in Sources */,
				11B6E0682809769300527147 /* Git_SearcherApp.swift in Sources */,
			);
			runOnlyForDeploymentPostprocessing = 0;
		};
/* End PBXSourcesBuildPhase section */

/* Begin XCBuildConfiguration section */
		11B6E0702809769400527147 /* Debug */ = {
			isa = XCBuildConfiguration;
			buildSettings = {
				ALWAYS_SEARCH_USER_PATHS = NO;
				CLANG_ANALYZER_NONNULL = YES;
				CLANG_ANALYZER_NUMBER_OBJECT_CONVERSION = YES_AGGRESSIVE;
				CLANG_CXX_LANGUAGE_STANDARD = "gnu++17";
				CLANG_ENABLE_MODULES = YES;
				CLANG_ENABLE_OBJC_ARC = YES;
				CLANG_ENABLE_OBJC_WEAK = YES;
				CLANG_WARN_BLOCK_CAPTURE_AUTORELEASING = YES;
				CLANG_WARN_BOOL_CONVERSION = YES;
				CLANG_WARN_COMMA = YES;
				CLANG_WARN_CONSTANT_CONVERSION = YES;
				CLANG_WARN_DEPRECATED_OBJC_IMPLEMENTATIONS = YES;
				CLANG_WARN_DIRECT_OBJC_ISA_USAGE = YES_ERROR;
				CLANG_WARN_DOCUMENTATION_COMMENTS = YES;
				CLANG_WARN_EMPTY_BODY = YES;
				CLANG_WARN_ENUM_CONVERSION = YES;
				CLANG_WARN_INFINITE_RECURSION = YES;
				CLANG_WARN_INT_CONVERSION = YES;
				CLANG_WARN_NON_LITERAL_NULL_CONVERSION = YES;
				CLANG_WARN_OBJC_IMPLICIT_RETAIN_SELF = YES;
				CLANG_WARN_OBJC_LITERAL_CONVERSION = YES;
				CLANG_WARN_OBJC_ROOT_CLASS = YES_ERROR;
				CLANG_WARN_QUOTED_INCLUDE_IN_FRAMEWORK_HEADER = YES;
				CLANG_WARN_RANGE_LOOP_ANALYSIS = YES;
				CLANG_WARN_STRICT_PROTOTYPES = YES;
				CLANG_WARN_SUSPICIOUS_MOVE = YES;
				CLANG_WARN_UNGUARDED_AVAILABILITY = YES_AGGRESSIVE;
				CLANG_WARN_UNREACHABLE_CODE = YES;
				CLANG_WARN__DUPLICATE_METHOD_MATCH = YES;
				COPY_PHASE_STRIP = NO;
				DEBUG_INFORMATION_FORMAT = dwarf;
				ENABLE_STRICT_OBJC_MSGSEND = YES;
				ENABLE_TESTABILITY = YES;
				GCC_C_LANGUAGE_STANDARD = gnu11;
				GCC_DYNAMIC_NO_PIC = NO;
				GCC_NO_COMMON_BLOCKS = YES;
				GCC_OPTIMIZATION_LEVEL = 0;
				GCC_PREPROCESSOR_DEFINITIONS = (
					"DEBUG=1",
					"$(inherited)",
				);
				GCC_WARN_64_TO_32_BIT_CONVERSION = YES;
				GCC_WARN_ABOUT_RETURN_TYPE = YES_ERROR;
				GCC_WARN_UNDECLARED_SELECTOR = YES;
				GCC_WARN_UNINITIALIZED_AUTOS = YES_AGGRESSIVE;
				GCC_WARN_UNUSED_FUNCTION = YES;
				GCC_WARN_UNUSED_VARIABLE = YES;
				IPHONEOS_DEPLOYMENT_TARGET = 15.4;
				MTL_ENABLE_DEBUG_INFO = INCLUDE_SOURCE;
				MTL_FAST_MATH = YES;
				ONLY_ACTIVE_ARCH = YES;
				SDKROOT = iphoneos;
				SWIFT_ACTIVE_COMPILATION_CONDITIONS = DEBUG;
				SWIFT_OPTIMIZATION_LEVEL = "-Onone";
			};
			name = Debug;
		};
		11B6E0712809769400527147 /* Release */ = {
			isa = XCBuildConfiguration;
			buildSettings = {
				ALWAYS_SEARCH_USER_PATHS = NO;
				CLANG_ANALYZER_NONNULL = YES;
				CLANG_ANALYZER_NUMBER_OBJECT_CONVERSION = YES_AGGRESSIVE;
				CLANG_CXX_LANGUAGE_STANDARD = "gnu++17";
				CLANG_ENABLE_MODULES = YES;
				CLANG_ENABLE_OBJC_ARC = YES;
				CLANG_ENABLE_OBJC_WEAK = YES;
				CLANG_WARN_BLOCK_CAPTURE_AUTORELEASING = YES;
				CLANG_WARN_BOOL_CONVERSION = YES;
				CLANG_WARN_COMMA = YES;
				CLANG_WARN_CONSTANT_CONVERSION = YES;
				CLANG_WARN_DEPRECATED_OBJC_IMPLEMENTATIONS = YES;
				CLANG_WARN_DIRECT_OBJC_ISA_USAGE = YES_ERROR;
				CLANG_WARN_DOCUMENTATION_COMMENTS = YES;
				CLANG_WARN_EMPTY_BODY = YES;
				CLANG_WARN_ENUM_CONVERSION = YES;
				CLANG_WARN_INFINITE_RECURSION = YES;
				CLANG_WARN_INT_CONVERSION = YES;
				CLANG_WARN_NON_LITERAL_NULL_CONVERSION = YES;
				CLANG_WARN_OBJC_IMPLICIT_RETAIN_SELF = YES;
				CLANG_WARN_OBJC_LITERAL_CONVERSION = YES;
				CLANG_WARN_OBJC_ROOT_CLASS = YES_ERROR;
				CLANG_WARN_QUOTED_INCLUDE_IN_FRAMEWORK_HEADER = YES;
				CLANG_WARN_RANGE_LOOP_ANALYSIS = YES;
				CLANG_WARN_STRICT_PROTOTYPES = YES;
				CLANG_WARN_SUSPICIOUS_MOVE = YES;
				CLANG_WARN_UNGUARDED_AVAILABILITY = YES_AGGRESSIVE;
				CLANG_WARN_UNREACHABLE_CODE = YES;
				CLANG_WARN__DUPLICATE_METHOD_MATCH = YES;
				COPY_PHASE_STRIP = NO;
				DEBUG_INFORMATION_FORMAT = "dwarf-with-dsym";
				ENABLE_NS_ASSERTIONS = NO;
				ENABLE_STRICT_OBJC_MSGSEND = YES;
				GCC_C_LANGUAGE_STANDARD = gnu11;
				GCC_NO_COMMON_BLOCKS = YES;
				GCC_WARN_64_TO_32_BIT_CONVERSION = YES;
				GCC_WARN_ABOUT_RETURN_TYPE = YES_ERROR;
				GCC_WARN_UNDECLARED_SELECTOR = YES;
				GCC_WARN_UNINITIALIZED_AUTOS = YES_AGGRESSIVE;
				GCC_WARN_UNUSED_FUNCTION = YES;
				GCC_WARN_UNUSED_VARIABLE = YES;
				IPHONEOS_DEPLOYMENT_TARGET = 15.4;
				MTL_ENABLE_DEBUG_INFO = NO;
				MTL_FAST_MATH = YES;
				SDKROOT = iphoneos;
				SWIFT_COMPILATION_MODE = wholemodule;
				SWIFT_OPTIMIZATION_LEVEL = "-O";
				VALIDATE_PRODUCT = YES;
			};
			name = Release;
		};
		11B6E0732809769400527147 /* Debug */ = {
			isa = XCBuildConfiguration;
			buildSettings = {
				ASSETCATALOG_COMPILER_APPICON_NAME = AppIcon;
				ASSETCATALOG_COMPILER_GLOBAL_ACCENT_COLOR_NAME = AccentColor;
				CODE_SIGN_STYLE = Automatic;
				CURRENT_PROJECT_VERSION = 1;
				DEVELOPMENT_ASSET_PATHS = "\"Git Searcher/Preview Content\"";
				DEVELOPMENT_TEAM = 35K8XYB2YR;
				ENABLE_PREVIEWS = YES;
				GENERATE_INFOPLIST_FILE = YES;
				INFOPLIST_KEY_UIApplicationSceneManifest_Generation = YES;
				INFOPLIST_KEY_UIApplicationSupportsIndirectInputEvents = YES;
				INFOPLIST_KEY_UILaunchScreen_Generation = YES;
				INFOPLIST_KEY_UISupportedInterfaceOrientations_iPad = "UIInterfaceOrientationPortrait UIInterfaceOrientationPortraitUpsideDown UIInterfaceOrientationLandscapeLeft UIInterfaceOrientationLandscapeRight";
				INFOPLIST_KEY_UISupportedInterfaceOrientations_iPhone = "UIInterfaceOrientationPortrait UIInterfaceOrientationLandscapeLeft UIInterfaceOrientationLandscapeRight";
				LD_RUNPATH_SEARCH_PATHS = (
					"$(inherited)",
					"@executable_path/Frameworks",
				);
				MARKETING_VERSION = 1.0;
				PRODUCT_BUNDLE_IDENTIFIER = "com.oliinyk.Git-Searcher";
				PRODUCT_NAME = "$(TARGET_NAME)";
				SWIFT_EMIT_LOC_STRINGS = YES;
				SWIFT_VERSION = 5.0;
				TARGETED_DEVICE_FAMILY = "1,2";
			};
			name = Debug;
		};
		11B6E0742809769400527147 /* Release */ = {
			isa = XCBuildConfiguration;
			buildSettings = {
				ASSETCATALOG_COMPILER_APPICON_NAME = AppIcon;
				ASSETCATALOG_COMPILER_GLOBAL_ACCENT_COLOR_NAME = AccentColor;
				CODE_SIGN_STYLE = Automatic;
				CURRENT_PROJECT_VERSION = 1;
				DEVELOPMENT_ASSET_PATHS = "\"Git Searcher/Preview Content\"";
				DEVELOPMENT_TEAM = 35K8XYB2YR;
				ENABLE_PREVIEWS = YES;
				GENERATE_INFOPLIST_FILE = YES;
				INFOPLIST_KEY_UIApplicationSceneManifest_Generation = YES;
				INFOPLIST_KEY_UIApplicationSupportsIndirectInputEvents = YES;
				INFOPLIST_KEY_UILaunchScreen_Generation = YES;
				INFOPLIST_KEY_UISupportedInterfaceOrientations_iPad = "UIInterfaceOrientationPortrait UIInterfaceOrientationPortraitUpsideDown UIInterfaceOrientationLandscapeLeft UIInterfaceOrientationLandscapeRight";
				INFOPLIST_KEY_UISupportedInterfaceOrientations_iPhone = "UIInterfaceOrientationPortrait UIInterfaceOrientationLandscapeLeft UIInterfaceOrientationLandscapeRight";
				LD_RUNPATH_SEARCH_PATHS = (
					"$(inherited)",
					"@executable_path/Frameworks",
				);
				MARKETING_VERSION = 1.0;
				PRODUCT_BUNDLE_IDENTIFIER = "com.oliinyk.Git-Searcher";
				PRODUCT_NAME = "$(TARGET_NAME)";
				SWIFT_EMIT_LOC_STRINGS = YES;
				SWIFT_VERSION = 5.0;
				TARGETED_DEVICE_FAMILY = "1,2";
			};
			name = Release;
		};
/* End XCBuildConfiguration section */

/* Begin XCConfigurationList section */
		11B6E05F2809769300527147 /* Build configuration list for PBXProject "Git Searcher" */ = {
			isa = XCConfigurationList;
			buildConfigurations = (
				11B6E0702809769400527147 /* Debug */,
				11B6E0712809769400527147 /* Release */,
			);
			defaultConfigurationIsVisible = 0;
			defaultConfigurationName = Release;
		};
		11B6E0722809769400527147 /* Build configuration list for PBXNativeTarget "Git Searcher" */ = {
			isa = XCConfigurationList;
			buildConfigurations = (
				11B6E0732809769400527147 /* Debug */,
				11B6E0742809769400527147 /* Release */,
			);
			defaultConfigurationIsVisible = 0;
			defaultConfigurationName = Release;
		};
/* End XCConfigurationList section */

/* Begin XCRemoteSwiftPackageReference section */
		11B6E075280978EB00527147 /* XCRemoteSwiftPackageReference "swift-composable-architecture" */ = {
			isa = XCRemoteSwiftPackageReference;
			repositoryURL = "https://github.com/pointfreeco/swift-composable-architecture";
			requirement = {
				kind = upToNextMajorVersion;
				minimumVersion = 0.9.0;
			};
		};
/* End XCRemoteSwiftPackageReference section */

/* Begin XCSwiftPackageProductDependency section */
		11B6E076280978EB00527147 /* ComposableArchitecture */ = {
			isa = XCSwiftPackageProductDependency;
			package = 11B6E075280978EB00527147 /* XCRemoteSwiftPackageReference "swift-composable-architecture" */;
			productName = ComposableArchitecture;
		};
/* End XCSwiftPackageProductDependency section */
	};
	rootObject = 11B6E05C2809769300527147 /* Project object */;
}
